
Microsoft Visual Studio Solution File, Format Version 12.00
# Visual Studio Version 16
VisualStudioVersion = 16.0.31409.214
MinimumVisualStudioVersion = 10.0.40219.1
Project("{FAE04EC0-301F-11D3-BF4B-00C04F79EFBC}") = "Lab5_1", "Lab5_1\Lab5_1.csproj", "{99AEDA38-A7CC-4BAD-A07A-D1EBF3B09B32}"
EndProject
Global
	GlobalSection(SolutionConfigurationPlatforms) = preSolution
		Debug|Any CPU = Debug|Any CPU
		Release|Any CPU = Release|Any CPU
	EndGlobalSection
	GlobalSection(ProjectConfigurationPlatforms) = postSolution
		{99AEDA38-A7CC-4BAD-A07A-D1EBF3B09B32}.Debug|Any CPU.ActiveCfg = Debug|Any CPU
		{99AEDA38-A7CC-4BAD-A07A-D1EBF3B09B32}.Debug|Any CPU.Build.0 = Debug|Any CPU
		{99AEDA38-A7CC-4BAD-A07A-D1EBF3B09B32}.Release|Any CPU.ActiveCfg = Release|Any CPU
		{99AEDA38-A7CC-4BAD-A07A-D1EBF3B09B32}.Release|Any CPU.Build.0 = Release|Any CPU
	EndGlobalSection
	GlobalSection(SolutionProperties) = preSolution
		HideSolutionNode = FALSE
	EndGlobalSection
	GlobalSection(ExtensibilityGlobals) = postSolution
		SolutionGuid = {6B0F34DD-06F0-4E1F-A04B-235902D20102}
	EndGlobalSection
EndGlobal
